
Microsoft Visual Studio Solution File, Format Version 12.00
# Visual Studio 15
VisualStudioVersion = 15.0.27130.2024
MinimumVisualStudioVersion = 10.0.40219.1
Project("{FAE04EC0-301F-11D3-BF4B-00C04F79EFBC}") = "ToyRobot.Console", "ToyRobot.Console\ToyRobot.Console.csproj", "{64CDE8F4-74E1-448C-904F-21F66E140F48}"
EndProject
Project("{FAE04EC0-301F-11D3-BF4B-00C04F79EFBC}") = "ToyRobot.Core", "ToyRobot.Core\ToyRobot.Core.csproj", "{F58F8175-124F-4C65-92A3-88F50DE69668}"
EndProject
Project("{FAE04EC0-301F-11D3-BF4B-00C04F79EFBC}") = "ToyRobot.Core.UnitTest", "ToyRobot.Core.UnitTest\ToyRobot.Core.UnitTest.csproj", "{079ABF18-5C5C-4C89-9028-F0285116DC5D}"
EndProject
Global
	GlobalSection(SolutionConfigurationPlatforms) = preSolution
		Debug|Any CPU = Debug|Any CPU
		Release|Any CPU = Release|Any CPU
	EndGlobalSection
	GlobalSection(ProjectConfigurationPlatforms) = postSolution
		{64CDE8F4-74E1-448C-904F-21F66E140F48}.Debug|Any CPU.ActiveCfg = Debug|Any CPU
		{64CDE8F4-74E1-448C-904F-21F66E140F48}.Debug|Any CPU.Build.0 = Debug|Any CPU
		{64CDE8F4-74E1-448C-904F-21F66E140F48}.Release|Any CPU.ActiveCfg = Release|Any CPU
		{64CDE8F4-74E1-448C-904F-21F66E140F48}.Release|Any CPU.Build.0 = Release|Any CPU
		{F58F8175-124F-4C65-92A3-88F50DE69668}.Debug|Any CPU.ActiveCfg = Debug|Any CPU
		{F58F8175-124F-4C65-92A3-88F50DE69668}.Debug|Any CPU.Build.0 = Debug|Any CPU
		{F58F8175-124F-4C65-92A3-88F50DE69668}.Release|Any CPU.ActiveCfg = Release|Any CPU
		{F58F8175-124F-4C65-92A3-88F50DE69668}.Release|Any CPU.Build.0 = Release|Any CPU
		{079ABF18-5C5C-4C89-9028-F0285116DC5D}.Debug|Any CPU.ActiveCfg = Debug|Any CPU
		{079ABF18-5C5C-4C89-9028-F0285116DC5D}.Debug|Any CPU.Build.0 = Debug|Any CPU
		{079ABF18-5C5C-4C89-9028-F0285116DC5D}.Release|Any CPU.ActiveCfg = Release|Any CPU
		{079ABF18-5C5C-4C89-9028-F0285116DC5D}.Release|Any CPU.Build.0 = Release|Any CPU
	EndGlobalSection
	GlobalSection(SolutionProperties) = preSolution
		HideSolutionNode = FALSE
	EndGlobalSection
	GlobalSection(ExtensibilityGlobals) = postSolution
		SolutionGuid = {8A50D30F-89F1-4977-9A74-73365F8ECF3E}
	EndGlobalSection
EndGlobal
